// !$*UTF8*$!
{
	archiveVersion = 1;
	classes = {
	};
	objectVersion = 54;
	objects = {

/* Begin PBXBuildFile section */
		00152350293A90AC00FAAB2F /* Environment.swift in Sources */ = {isa = PBXBuildFile; fileRef = 0015234F293A90AC00FAAB2F /* Environment.swift */; };
		00152351293A90AC00FAAB2F /* Environment.swift in Sources */ = {isa = PBXBuildFile; fileRef = 0015234F293A90AC00FAAB2F /* Environment.swift */; };
		00152353293A90C100FAAB2F /* EnvironmentMock.swift in Sources */ = {isa = PBXBuildFile; fileRef = 00152352293A90C100FAAB2F /* EnvironmentMock.swift */; };
		00152355293A91E000FAAB2F /* MockedSecretsHandler.swift in Sources */ = {isa = PBXBuildFile; fileRef = 00152354293A91E000FAAB2F /* MockedSecretsHandler.swift */; };
		00152363293CCE7600FAAB2F /* Authentication.swift in Sources */ = {isa = PBXBuildFile; fileRef = 00152359293CCE7600FAAB2F /* Authentication.swift */; };
		00152364293CCE7600FAAB2F /* Authentication.swift in Sources */ = {isa = PBXBuildFile; fileRef = 00152359293CCE7600FAAB2F /* Authentication.swift */; };
		00152365293CCE7600FAAB2F /* DispatchSemaphore.swift in Sources */ = {isa = PBXBuildFile; fileRef = 0015235A293CCE7600FAAB2F /* DispatchSemaphore.swift */; };
		00152366293CCE7600FAAB2F /* DispatchSemaphore.swift in Sources */ = {isa = PBXBuildFile; fileRef = 0015235A293CCE7600FAAB2F /* DispatchSemaphore.swift */; };
		00152367293CCE7600FAAB2F /* AuthenticationMFA.swift in Sources */ = {isa = PBXBuildFile; fileRef = 0015235B293CCE7600FAAB2F /* AuthenticationMFA.swift */; };
		00152368293CCE7600FAAB2F /* AuthenticationMFA.swift in Sources */ = {isa = PBXBuildFile; fileRef = 0015235B293CCE7600FAAB2F /* AuthenticationMFA.swift */; };
		00152369293CCE7600FAAB2F /* Download.swift in Sources */ = {isa = PBXBuildFile; fileRef = 0015235C293CCE7600FAAB2F /* Download.swift */; };
		0015236A293CCE7600FAAB2F /* Download.swift in Sources */ = {isa = PBXBuildFile; fileRef = 0015235C293CCE7600FAAB2F /* Download.swift */; };
		0015236B293CCE7600FAAB2F /* DownloadDelegate.swift in Sources */ = {isa = PBXBuildFile; fileRef = 0015235D293CCE7600FAAB2F /* DownloadDelegate.swift */; };
		0015236C293CCE7600FAAB2F /* DownloadDelegate.swift in Sources */ = {isa = PBXBuildFile; fileRef = 0015235D293CCE7600FAAB2F /* DownloadDelegate.swift */; };
		0015236D293CCE7600FAAB2F /* HTTPClient.swift in Sources */ = {isa = PBXBuildFile; fileRef = 0015235E293CCE7600FAAB2F /* HTTPClient.swift */; };
		0015236E293CCE7600FAAB2F /* HTTPClient.swift in Sources */ = {isa = PBXBuildFile; fileRef = 0015235E293CCE7600FAAB2F /* HTTPClient.swift */; };
		0015236F293CCE7600FAAB2F /* List.swift in Sources */ = {isa = PBXBuildFile; fileRef = 0015235F293CCE7600FAAB2F /* List.swift */; };
		00152370293CCE7600FAAB2F /* List.swift in Sources */ = {isa = PBXBuildFile; fileRef = 0015235F293CCE7600FAAB2F /* List.swift */; };
		00152371293CCE7600FAAB2F /* DownloadListData.swift in Sources */ = {isa = PBXBuildFile; fileRef = 00152360293CCE7600FAAB2F /* DownloadListData.swift */; };
		00152372293CCE7600FAAB2F /* DownloadListData.swift in Sources */ = {isa = PBXBuildFile; fileRef = 00152360293CCE7600FAAB2F /* DownloadListData.swift */; };
		00152373293CCE7600FAAB2F /* URLLogger.swift in Sources */ = {isa = PBXBuildFile; fileRef = 00152361293CCE7600FAAB2F /* URLLogger.swift */; };
		00152374293CCE7600FAAB2F /* URLLogger.swift in Sources */ = {isa = PBXBuildFile; fileRef = 00152361293CCE7600FAAB2F /* URLLogger.swift */; };
		00152375293CCE7600FAAB2F /* URLRequestExtension.swift in Sources */ = {isa = PBXBuildFile; fileRef = 00152362293CCE7600FAAB2F /* URLRequestExtension.swift */; };
		00152376293CCE7600FAAB2F /* URLRequestExtension.swift in Sources */ = {isa = PBXBuildFile; fileRef = 00152362293CCE7600FAAB2F /* URLRequestExtension.swift */; };
		00152381293CCF1700FAAB2F /* MFAuthenticationTest.swift in Sources */ = {isa = PBXBuildFile; fileRef = 00152378293CCF1700FAAB2F /* MFAuthenticationTest.swift */; };
		00152382293CCF1700FAAB2F /* HTTPClientTestCase.swift in Sources */ = {isa = PBXBuildFile; fileRef = 00152379293CCF1700FAAB2F /* HTTPClientTestCase.swift */; };
		00152383293CCF1700FAAB2F /* ListTest.swift in Sources */ = {isa = PBXBuildFile; fileRef = 0015237A293CCF1700FAAB2F /* ListTest.swift */; };
		00152384293CCF1700FAAB2F /* HTTPClientTest.swift in Sources */ = {isa = PBXBuildFile; fileRef = 0015237B293CCF1700FAAB2F /* HTTPClientTest.swift */; };
		00152385293CCF1700FAAB2F /* URLRequestCurlTest.swift in Sources */ = {isa = PBXBuildFile; fileRef = 0015237C293CCF1700FAAB2F /* URLRequestCurlTest.swift */; };
		00152386293CCF1700FAAB2F /* MockedNetworkClasses.swift in Sources */ = {isa = PBXBuildFile; fileRef = 0015237D293CCF1700FAAB2F /* MockedNetworkClasses.swift */; };
		00152387293CCF1700FAAB2F /* AuthenticationTest.swift in Sources */ = {isa = PBXBuildFile; fileRef = 0015237E293CCF1700FAAB2F /* AuthenticationTest.swift */; };
		00152388293CCF1700FAAB2F /* DownloadTest.swift in Sources */ = {isa = PBXBuildFile; fileRef = 0015237F293CCF1700FAAB2F /* DownloadTest.swift */; };
		00152389293CCF1700FAAB2F /* DownloadDelegateTest.swift in Sources */ = {isa = PBXBuildFile; fileRef = 00152380293CCF1700FAAB2F /* DownloadDelegateTest.swift */; };
		001E2E7D28C0875C009C1545 /* SotoSecretsManager in Frameworks */ = {isa = PBXBuildFile; productRef = 001E2E7C28C0875C009C1545 /* SotoSecretsManager */; };
		001E2E7F28C13C13009C1545 /* AWSSecretsHandler.swift in Sources */ = {isa = PBXBuildFile; fileRef = 001E2E7E28C13C13009C1545 /* AWSSecretsHandler.swift */; };
		001E2E8028C13C13009C1545 /* AWSSecretsHandler.swift in Sources */ = {isa = PBXBuildFile; fileRef = 001E2E7E28C13C13009C1545 /* AWSSecretsHandler.swift */; };
		001E2E8228C15293009C1545 /* CLIStoreSecrets.swift in Sources */ = {isa = PBXBuildFile; fileRef = 001E2E8128C15293009C1545 /* CLIStoreSecrets.swift */; };
		001E2E8328C15293009C1545 /* CLIStoreSecrets.swift in Sources */ = {isa = PBXBuildFile; fileRef = 001E2E8128C15293009C1545 /* CLIStoreSecrets.swift */; };
		001E2E8528C15829009C1545 /* SotoSecretsManager in Frameworks */ = {isa = PBXBuildFile; productRef = 001E2E8428C15829009C1545 /* SotoSecretsManager */; };
		002AB53B293CFB0B0021BBA5 /* download-list.json in CopyFiles */ = {isa = PBXBuildFile; fileRef = 007585D0289C07130094D2DC /* download-list.json */; };
		002AB53F293DC6EF0021BBA5 /* download-error.json in CopyFiles */ = {isa = PBXBuildFile; fileRef = 002AB53E293DC6CD0021BBA5 /* download-error.json */; };
		002AB541293DC74A0021BBA5 /* download-unknown-error.json in CopyFiles */ = {isa = PBXBuildFile; fileRef = 002AB540293DC7160021BBA5 /* download-unknown-error.json */; };
		002E65A628E1A9FB00C13BBB /* CLIlib in Frameworks */ = {isa = PBXBuildFile; productRef = 002E65A528E1A9FB00C13BBB /* CLIlib */; };
		0041064728BD25410033A3A2 /* InstallPkg.swift in Sources */ = {isa = PBXBuildFile; fileRef = 0041064628BD25410033A3A2 /* InstallPkg.swift */; };
		0041064828BD25410033A3A2 /* InstallPkg.swift in Sources */ = {isa = PBXBuildFile; fileRef = 0041064628BD25410033A3A2 /* InstallPkg.swift */; };
		0041064A28BD25810033A3A2 /* InstallXcode.swift in Sources */ = {isa = PBXBuildFile; fileRef = 0041064928BD25810033A3A2 /* InstallXcode.swift */; };
		0041064B28BD25810033A3A2 /* InstallXcode.swift in Sources */ = {isa = PBXBuildFile; fileRef = 0041064928BD25810033A3A2 /* InstallXcode.swift */; };
		0041064D28BD25A90033A3A2 /* InstallCLTools.swift in Sources */ = {isa = PBXBuildFile; fileRef = 0041064C28BD25A90033A3A2 /* InstallCLTools.swift */; };
		0041064E28BD25A90033A3A2 /* InstallCLTools.swift in Sources */ = {isa = PBXBuildFile; fileRef = 0041064C28BD25A90033A3A2 /* InstallCLTools.swift */; };
		0041065328BD25EC0033A3A2 /* InstallDownloadListExtension.swift in Sources */ = {isa = PBXBuildFile; fileRef = 0041065228BD25EC0033A3A2 /* InstallDownloadListExtension.swift */; };
		0041065428BD25EC0033A3A2 /* InstallDownloadListExtension.swift in Sources */ = {isa = PBXBuildFile; fileRef = 0041065228BD25EC0033A3A2 /* InstallDownloadListExtension.swift */; };
		0053F33628CF8DC4009E466D /* Version.swift in Sources */ = {isa = PBXBuildFile; fileRef = 0053F33528CF8DC4009E466D /* Version.swift */; };
		0053F33728CF8DC4009E466D /* Version.swift in Sources */ = {isa = PBXBuildFile; fileRef = 0053F33528CF8DC4009E466D /* Version.swift */; };
		0057C21128D319E9004A5BEC /* AppleSessionSecretTest.swift in Sources */ = {isa = PBXBuildFile; fileRef = 0057C21028D319E9004A5BEC /* AppleSessionSecretTest.swift */; };
		0057C21328D3245F004A5BEC /* CLIStoreSecretsTest.swift in Sources */ = {isa = PBXBuildFile; fileRef = 0057C21228D3245F004A5BEC /* CLIStoreSecretsTest.swift */; };
		0057C21728D440CB004A5BEC /* AWSSecretsHandlerSotoTest.swift in Sources */ = {isa = PBXBuildFile; fileRef = 0057C21628D440CB004A5BEC /* AWSSecretsHandlerSotoTest.swift */; };
		0057C21928D440FE004A5BEC /* SotoTestEnvironment.swift in Sources */ = {isa = PBXBuildFile; fileRef = 0057C21828D440FE004A5BEC /* SotoTestEnvironment.swift */; };
		007585D7289C17670094D2DC /* DownloadListParserTest.swift in Sources */ = {isa = PBXBuildFile; fileRef = 007585D6289C17670094D2DC /* DownloadListParserTest.swift */; };
		007585DB289C1E1E0094D2DC /* TestHelper.swift in Sources */ = {isa = PBXBuildFile; fileRef = 007585DA289C1E1E0094D2DC /* TestHelper.swift */; };
		007585DF289D6DE00094D2DC /* FileSecretsHandlerTest.swift in Sources */ = {isa = PBXBuildFile; fileRef = 007585DE289D6DE00094D2DC /* FileSecretsHandlerTest.swift */; };
		007585E928A0E1590094D2DC /* Logging in Frameworks */ = {isa = PBXBuildFile; productRef = 007585E828A0E1590094D2DC /* Logging */; };
		007585F128A0E1790094D2DC /* Logging in Frameworks */ = {isa = PBXBuildFile; productRef = 007585F028A0E1790094D2DC /* Logging */; };
		0075860E28A3BCF80094D2DC /* CLIProgressBar.swift in Sources */ = {isa = PBXBuildFile; fileRef = 0075860D28A3BCF80094D2DC /* CLIProgressBar.swift */; };
		007A542A2885734D00AC4622 /* CLIMain.swift in Sources */ = {isa = PBXBuildFile; fileRef = 007A54292885734D00AC4622 /* CLIMain.swift */; };
		007A542F288624F300AC4622 /* SecretsHandler.swift in Sources */ = {isa = PBXBuildFile; fileRef = 007A542E288624F300AC4622 /* SecretsHandler.swift */; };
		007A5437288A4A9C00AC4622 /* SecretsHandler.swift in Sources */ = {isa = PBXBuildFile; fileRef = 007A542E288624F300AC4622 /* SecretsHandler.swift */; };
		0092F865288DC29F00CFE571 /* DownloadListParser.swift in Sources */ = {isa = PBXBuildFile; fileRef = 0092F864288DC29F00CFE571 /* DownloadListParser.swift */; };
		0092F866288DC29F00CFE571 /* DownloadListParser.swift in Sources */ = {isa = PBXBuildFile; fileRef = 0092F864288DC29F00CFE571 /* DownloadListParser.swift */; };
		0093C5DA28C4C81900AF5ABC /* AsyncTestCase.swift in Sources */ = {isa = PBXBuildFile; fileRef = 0093C5D928C4C81900AF5ABC /* AsyncTestCase.swift */; };
		0093C5DC28C4CCBE00AF5ABC /* AWSSecretsHandlerTest.swift in Sources */ = {isa = PBXBuildFile; fileRef = 0093C5DB28C4CCBE00AF5ABC /* AWSSecretsHandlerTest.swift */; };
		0093C5E128C5321C00AF5ABC /* AWSSecretsHandlerSoto.swift in Sources */ = {isa = PBXBuildFile; fileRef = 0093C5E028C5321C00AF5ABC /* AWSSecretsHandlerSoto.swift */; };
		0093C5E228C5321C00AF5ABC /* AWSSecretsHandlerSoto.swift in Sources */ = {isa = PBXBuildFile; fileRef = 0093C5E028C5321C00AF5ABC /* AWSSecretsHandlerSoto.swift */; };
		009A912F288C213F003C0DF4 /* ArgumentParser in Frameworks */ = {isa = PBXBuildFile; productRef = 009A912E288C213F003C0DF4 /* ArgumentParser */; };
		009A9131288C27D0003C0DF4 /* CLIAuthenticate.swift in Sources */ = {isa = PBXBuildFile; fileRef = 009A9130288C27D0003C0DF4 /* CLIAuthenticate.swift */; };
		009A9132288C27D0003C0DF4 /* CLIAuthenticate.swift in Sources */ = {isa = PBXBuildFile; fileRef = 009A9130288C27D0003C0DF4 /* CLIAuthenticate.swift */; };
		009A9134288C2857003C0DF4 /* CLIList.swift in Sources */ = {isa = PBXBuildFile; fileRef = 009A9133288C2857003C0DF4 /* CLIList.swift */; };
		009A9135288C2857003C0DF4 /* CLIList.swift in Sources */ = {isa = PBXBuildFile; fileRef = 009A9133288C2857003C0DF4 /* CLIList.swift */; };
		009A9137288C2C14003C0DF4 /* CLIMain.swift in Sources */ = {isa = PBXBuildFile; fileRef = 007A54292885734D00AC4622 /* CLIMain.swift */; };
		009A913A288C2C3F003C0DF4 /* ArgumentParser in Frameworks */ = {isa = PBXBuildFile; productRef = 009A9139288C2C3F003C0DF4 /* ArgumentParser */; };
		00CECC9228B1743000120779 /* FileHandler.swift in Sources */ = {isa = PBXBuildFile; fileRef = 00CECC9128B1743000120779 /* FileHandler.swift */; };
		00CECC9328B1743000120779 /* FileHandler.swift in Sources */ = {isa = PBXBuildFile; fileRef = 00CECC9128B1743000120779 /* FileHandler.swift */; };
		00CECC9528B1788C00120779 /* FileHandlerTest.swift in Sources */ = {isa = PBXBuildFile; fileRef = 00CECC9428B1788C00120779 /* FileHandlerTest.swift */; };
		00CECCAA28B34B3300120779 /* CLIDownload.swift in Sources */ = {isa = PBXBuildFile; fileRef = 00CECCA928B34B3300120779 /* CLIDownload.swift */; };
		00CECCAB28B34B3300120779 /* CLIDownload.swift in Sources */ = {isa = PBXBuildFile; fileRef = 00CECCA928B34B3300120779 /* CLIDownload.swift */; };
		00CECCAD28B34B8300120779 /* CLIInstall.swift in Sources */ = {isa = PBXBuildFile; fileRef = 00CECCAC28B34B8300120779 /* CLIInstall.swift */; };
		00CECCAE28B34B8300120779 /* CLIInstall.swift in Sources */ = {isa = PBXBuildFile; fileRef = 00CECCAC28B34B8300120779 /* CLIInstall.swift */; };
		00CECCB328B34C9000120779 /* InstallCommand.swift in Sources */ = {isa = PBXBuildFile; fileRef = 00CECCB228B34C9000120779 /* InstallCommand.swift */; };
		00CECCB428B34C9000120779 /* InstallCommand.swift in Sources */ = {isa = PBXBuildFile; fileRef = 00CECCB228B34C9000120779 /* InstallCommand.swift */; };
		00CECCB628B34CD500120779 /* Install.swift in Sources */ = {isa = PBXBuildFile; fileRef = 00CECCB528B34CD500120779 /* Install.swift */; };
		00CECCB728B34CD500120779 /* Install.swift in Sources */ = {isa = PBXBuildFile; fileRef = 00CECCB528B34CD500120779 /* Install.swift */; };
		00CECCB928B34FE800120779 /* CLIAuthTest.swift in Sources */ = {isa = PBXBuildFile; fileRef = 00CECCB828B34FE800120779 /* CLIAuthTest.swift */; };
		00CECCBB28B3507B00120779 /* CLIDownloadTest.swift in Sources */ = {isa = PBXBuildFile; fileRef = 00CECCBA28B3507B00120779 /* CLIDownloadTest.swift */; };
		00CECCBD28B3770000120779 /* CLIListTest.swift in Sources */ = {isa = PBXBuildFile; fileRef = 00CECCBC28B3770000120779 /* CLIListTest.swift */; };
		00CECCBF28B3776800120779 /* CLIInstallTest.swift in Sources */ = {isa = PBXBuildFile; fileRef = 00CECCBE28B3776800120779 /* CLIInstallTest.swift */; };
		00CECCC128B37B6E00120779 /* InstallTest.swift in Sources */ = {isa = PBXBuildFile; fileRef = 00CECCC028B37B6E00120779 /* InstallTest.swift */; };
		00D0649328C279650000197D /* SecretsHandlerTest.swift in Sources */ = {isa = PBXBuildFile; fileRef = 00D0649228C279650000197D /* SecretsHandlerTest.swift */; };
		00D2440F28C5EAF2002AB0FB /* StoreSecretsCommand.swift in Sources */ = {isa = PBXBuildFile; fileRef = 00D2440E28C5EAF2002AB0FB /* StoreSecretsCommand.swift */; };
		00D2441028C5EAF2002AB0FB /* StoreSecretsCommand.swift in Sources */ = {isa = PBXBuildFile; fileRef = 00D2440E28C5EAF2002AB0FB /* StoreSecretsCommand.swift */; };
		00DC837128ABCF5100B6346D /* XcodeInstallCommand.swift in Sources */ = {isa = PBXBuildFile; fileRef = 00DC837028ABCF5100B6346D /* XcodeInstallCommand.swift */; };
		00DC837228ABCF5100B6346D /* XcodeInstallCommand.swift in Sources */ = {isa = PBXBuildFile; fileRef = 00DC837028ABCF5100B6346D /* XcodeInstallCommand.swift */; };
		00DC837428ABD03600B6346D /* AuthenticateCommand.swift in Sources */ = {isa = PBXBuildFile; fileRef = 00DC837328ABD03600B6346D /* AuthenticateCommand.swift */; };
		00DC837528ABD03600B6346D /* AuthenticateCommand.swift in Sources */ = {isa = PBXBuildFile; fileRef = 00DC837328ABD03600B6346D /* AuthenticateCommand.swift */; };
		00DC837728ABD34800B6346D /* DownloadCommand.swift in Sources */ = {isa = PBXBuildFile; fileRef = 00DC837628ABD34800B6346D /* DownloadCommand.swift */; };
		00DC837828ABD34800B6346D /* DownloadCommand.swift in Sources */ = {isa = PBXBuildFile; fileRef = 00DC837628ABD34800B6346D /* DownloadCommand.swift */; };
		00DC837A28ABD36100B6346D /* ListCommand.swift in Sources */ = {isa = PBXBuildFile; fileRef = 00DC837928ABD36100B6346D /* ListCommand.swift */; };
		00DC837B28ABD36100B6346D /* ListCommand.swift in Sources */ = {isa = PBXBuildFile; fileRef = 00DC837928ABD36100B6346D /* ListCommand.swift */; };
		00DC837D28ABD38900B6346D /* SignOutCommand.swift in Sources */ = {isa = PBXBuildFile; fileRef = 00DC837C28ABD38900B6346D /* SignOutCommand.swift */; };
		00DC837E28ABD38900B6346D /* SignOutCommand.swift in Sources */ = {isa = PBXBuildFile; fileRef = 00DC837C28ABD38900B6346D /* SignOutCommand.swift */; };
		00EE5FA928A7EB8100B09D2B /* CLIProgressBar.swift in Sources */ = {isa = PBXBuildFile; fileRef = 0075860D28A3BCF80094D2DC /* CLIProgressBar.swift */; };
		00EE5FAC28A8F47000B09D2B /* FileSecretsHandler.swift in Sources */ = {isa = PBXBuildFile; fileRef = 00EE5FAB28A8F47000B09D2B /* FileSecretsHandler.swift */; };
		00EE5FAD28A8F47000B09D2B /* FileSecretsHandler.swift in Sources */ = {isa = PBXBuildFile; fileRef = 00EE5FAB28A8F47000B09D2B /* FileSecretsHandler.swift */; };
		00EE603328AA3FCD00B09D2B /* MockedCLIClasses.swift in Sources */ = {isa = PBXBuildFile; fileRef = 00EE603228AA3FCD00B09D2B /* MockedCLIClasses.swift */; };
		00EE603528AA44CA00B09D2B /* CLITest.swift in Sources */ = {isa = PBXBuildFile; fileRef = 00EE603428AA44CA00B09D2B /* CLITest.swift */; };
		00EED59E28F7DE5C00FAFE86 /* CLIlib in Frameworks */ = {isa = PBXBuildFile; productRef = 00EED59D28F7DE5C00FAFE86 /* CLIlib */; };
		00F8A31928BA139B004FB43A /* MockedUtilitiesClasses.swift in Sources */ = {isa = PBXBuildFile; fileRef = 00F8A31828BA139B004FB43A /* MockedUtilitiesClasses.swift */; };
		00F8A31B28BACDF7004FB43A /* InstallSupportedFiles.swift in Sources */ = {isa = PBXBuildFile; fileRef = 00F8A31A28BACDF7004FB43A /* InstallSupportedFiles.swift */; };
		00F8A31C28BACDF7004FB43A /* InstallSupportedFiles.swift in Sources */ = {isa = PBXBuildFile; fileRef = 00F8A31A28BACDF7004FB43A /* InstallSupportedFiles.swift */; };
/* End PBXBuildFile section */

/* Begin PBXContainerItemProxy section */
		007A54282885730100AC4622 /* PBXContainerItemProxy */ = {
			isa = PBXContainerItemProxy;
			containerPortal = OBJ_1 /* Project object */;
			proxyType = 1;
			remoteGlobalIDString = "xcodeinstall::xcodeinstall";
			remoteInfo = xcodeinstall;
		};
/* End PBXContainerItemProxy section */

/* Begin PBXCopyFilesBuildPhase section */
		002AB53A293CFB000021BBA5 /* CopyFiles */ = {
			isa = PBXCopyFilesBuildPhase;
			buildActionMask = 2147483647;
			dstPath = "";
			dstSubfolderSpec = 7;
			files = (
				002AB541293DC74A0021BBA5 /* download-unknown-error.json in CopyFiles */,
				002AB53F293DC6EF0021BBA5 /* download-error.json in CopyFiles */,
				002AB53B293CFB0B0021BBA5 /* download-list.json in CopyFiles */,
			);
			runOnlyForDeploymentPostprocessing = 0;
		};
		007585EC28A0E1790094D2DC /* Embed Frameworks */ = {
			isa = PBXCopyFilesBuildPhase;
			buildActionMask = 2147483647;
			dstPath = "";
			dstSubfolderSpec = 10;
			files = (
			);
			name = "Embed Frameworks";
			runOnlyForDeploymentPostprocessing = 0;
		};
		007585FA28A2D81B0094D2DC /* Embed Frameworks */ = {
			isa = PBXCopyFilesBuildPhase;
			buildActionMask = 2147483647;
			dstPath = "";
			dstSubfolderSpec = 10;
			files = (
			);
			name = "Embed Frameworks";
			runOnlyForDeploymentPostprocessing = 0;
		};
/* End PBXCopyFilesBuildPhase section */

/* Begin PBXFileReference section */
		0015234F293A90AC00FAAB2F /* Environment.swift */ = {isa = PBXFileReference; fileEncoding = 4; lastKnownFileType = sourcecode.swift; path = Environment.swift; sourceTree = "<group>"; };
		00152352293A90C100FAAB2F /* EnvironmentMock.swift */ = {isa = PBXFileReference; fileEncoding = 4; lastKnownFileType = sourcecode.swift; path = EnvironmentMock.swift; sourceTree = "<group>"; };
		00152354293A91E000FAAB2F /* MockedSecretsHandler.swift */ = {isa = PBXFileReference; fileEncoding = 4; lastKnownFileType = sourcecode.swift; path = MockedSecretsHandler.swift; sourceTree = "<group>"; };
		00152359293CCE7600FAAB2F /* Authentication.swift */ = {isa = PBXFileReference; fileEncoding = 4; lastKnownFileType = sourcecode.swift; path = Authentication.swift; sourceTree = "<group>"; };
		0015235A293CCE7600FAAB2F /* DispatchSemaphore.swift */ = {isa = PBXFileReference; fileEncoding = 4; lastKnownFileType = sourcecode.swift; path = DispatchSemaphore.swift; sourceTree = "<group>"; };
		0015235B293CCE7600FAAB2F /* AuthenticationMFA.swift */ = {isa = PBXFileReference; fileEncoding = 4; lastKnownFileType = sourcecode.swift; path = AuthenticationMFA.swift; sourceTree = "<group>"; };
		0015235C293CCE7600FAAB2F /* Download.swift */ = {isa = PBXFileReference; fileEncoding = 4; lastKnownFileType = sourcecode.swift; path = Download.swift; sourceTree = "<group>"; };
		0015235D293CCE7600FAAB2F /* DownloadDelegate.swift */ = {isa = PBXFileReference; fileEncoding = 4; lastKnownFileType = sourcecode.swift; path = DownloadDelegate.swift; sourceTree = "<group>"; };
		0015235E293CCE7600FAAB2F /* HTTPClient.swift */ = {isa = PBXFileReference; fileEncoding = 4; lastKnownFileType = sourcecode.swift; path = HTTPClient.swift; sourceTree = "<group>"; };
		0015235F293CCE7600FAAB2F /* List.swift */ = {isa = PBXFileReference; fileEncoding = 4; lastKnownFileType = sourcecode.swift; path = List.swift; sourceTree = "<group>"; };
		00152360293CCE7600FAAB2F /* DownloadListData.swift */ = {isa = PBXFileReference; fileEncoding = 4; lastKnownFileType = sourcecode.swift; path = DownloadListData.swift; sourceTree = "<group>"; };
		00152361293CCE7600FAAB2F /* URLLogger.swift */ = {isa = PBXFileReference; fileEncoding = 4; lastKnownFileType = sourcecode.swift; path = URLLogger.swift; sourceTree = "<group>"; };
		00152362293CCE7600FAAB2F /* URLRequestExtension.swift */ = {isa = PBXFileReference; fileEncoding = 4; lastKnownFileType = sourcecode.swift; path = URLRequestExtension.swift; sourceTree = "<group>"; };
		00152378293CCF1700FAAB2F /* MFAuthenticationTest.swift */ = {isa = PBXFileReference; fileEncoding = 4; lastKnownFileType = sourcecode.swift; path = MFAuthenticationTest.swift; sourceTree = "<group>"; };
		00152379293CCF1700FAAB2F /* HTTPClientTestCase.swift */ = {isa = PBXFileReference; fileEncoding = 4; lastKnownFileType = sourcecode.swift; path = HTTPClientTestCase.swift; sourceTree = "<group>"; };
		0015237A293CCF1700FAAB2F /* ListTest.swift */ = {isa = PBXFileReference; fileEncoding = 4; lastKnownFileType = sourcecode.swift; path = ListTest.swift; sourceTree = "<group>"; };
		0015237B293CCF1700FAAB2F /* HTTPClientTest.swift */ = {isa = PBXFileReference; fileEncoding = 4; lastKnownFileType = sourcecode.swift; path = HTTPClientTest.swift; sourceTree = "<group>"; };
		0015237C293CCF1700FAAB2F /* URLRequestCurlTest.swift */ = {isa = PBXFileReference; fileEncoding = 4; lastKnownFileType = sourcecode.swift; path = URLRequestCurlTest.swift; sourceTree = "<group>"; };
		0015237D293CCF1700FAAB2F /* MockedNetworkClasses.swift */ = {isa = PBXFileReference; fileEncoding = 4; lastKnownFileType = sourcecode.swift; path = MockedNetworkClasses.swift; sourceTree = "<group>"; };
		0015237E293CCF1700FAAB2F /* AuthenticationTest.swift */ = {isa = PBXFileReference; fileEncoding = 4; lastKnownFileType = sourcecode.swift; path = AuthenticationTest.swift; sourceTree = "<group>"; };
		0015237F293CCF1700FAAB2F /* DownloadTest.swift */ = {isa = PBXFileReference; fileEncoding = 4; lastKnownFileType = sourcecode.swift; path = DownloadTest.swift; sourceTree = "<group>"; };
		00152380293CCF1700FAAB2F /* DownloadDelegateTest.swift */ = {isa = PBXFileReference; fileEncoding = 4; lastKnownFileType = sourcecode.swift; path = DownloadDelegateTest.swift; sourceTree = "<group>"; };
		001E2E7E28C13C13009C1545 /* AWSSecretsHandler.swift */ = {isa = PBXFileReference; lastKnownFileType = sourcecode.swift; path = AWSSecretsHandler.swift; sourceTree = "<group>"; };
		001E2E8128C15293009C1545 /* CLIStoreSecrets.swift */ = {isa = PBXFileReference; lastKnownFileType = sourcecode.swift; path = CLIStoreSecrets.swift; sourceTree = "<group>"; };
		002AB53E293DC6CD0021BBA5 /* download-error.json */ = {isa = PBXFileReference; lastKnownFileType = text.json; path = "download-error.json"; sourceTree = "<group>"; };
		002AB540293DC7160021BBA5 /* download-unknown-error.json */ = {isa = PBXFileReference; lastKnownFileType = text.json; path = "download-unknown-error.json"; sourceTree = "<group>"; };
		0041064628BD25410033A3A2 /* InstallPkg.swift */ = {isa = PBXFileReference; lastKnownFileType = sourcecode.swift; path = InstallPkg.swift; sourceTree = "<group>"; };
		0041064928BD25810033A3A2 /* InstallXcode.swift */ = {isa = PBXFileReference; lastKnownFileType = sourcecode.swift; path = InstallXcode.swift; sourceTree = "<group>"; };
		0041064C28BD25A90033A3A2 /* InstallCLTools.swift */ = {isa = PBXFileReference; lastKnownFileType = sourcecode.swift; path = InstallCLTools.swift; sourceTree = "<group>"; };
		0041065228BD25EC0033A3A2 /* InstallDownloadListExtension.swift */ = {isa = PBXFileReference; lastKnownFileType = sourcecode.swift; path = InstallDownloadListExtension.swift; sourceTree = "<group>"; };
		0053F33528CF8DC4009E466D /* Version.swift */ = {isa = PBXFileReference; fileEncoding = 4; lastKnownFileType = sourcecode.swift; path = Version.swift; sourceTree = "<group>"; };
		0057C21028D319E9004A5BEC /* AppleSessionSecretTest.swift */ = {isa = PBXFileReference; lastKnownFileType = sourcecode.swift; path = AppleSessionSecretTest.swift; sourceTree = "<group>"; };
		0057C21228D3245F004A5BEC /* CLIStoreSecretsTest.swift */ = {isa = PBXFileReference; lastKnownFileType = sourcecode.swift; path = CLIStoreSecretsTest.swift; sourceTree = "<group>"; };
		0057C21628D440CB004A5BEC /* AWSSecretsHandlerSotoTest.swift */ = {isa = PBXFileReference; lastKnownFileType = sourcecode.swift; path = AWSSecretsHandlerSotoTest.swift; sourceTree = "<group>"; };
		0057C21828D440FE004A5BEC /* SotoTestEnvironment.swift */ = {isa = PBXFileReference; lastKnownFileType = sourcecode.swift; path = SotoTestEnvironment.swift; sourceTree = "<group>"; };
		007585D0289C07130094D2DC /* download-list.json */ = {isa = PBXFileReference; lastKnownFileType = text.json; name = "download-list.json"; path = "Tests/xcodeinstallTests/data/download-list.json"; sourceTree = SOURCE_ROOT; };
		007585D6289C17670094D2DC /* DownloadListParserTest.swift */ = {isa = PBXFileReference; lastKnownFileType = sourcecode.swift; path = DownloadListParserTest.swift; sourceTree = "<group>"; };
		007585DA289C1E1E0094D2DC /* TestHelper.swift */ = {isa = PBXFileReference; fileEncoding = 4; lastKnownFileType = sourcecode.swift; path = TestHelper.swift; sourceTree = "<group>"; };
		007585DE289D6DE00094D2DC /* FileSecretsHandlerTest.swift */ = {isa = PBXFileReference; lastKnownFileType = sourcecode.swift; path = FileSecretsHandlerTest.swift; sourceTree = "<group>"; };
		0075860D28A3BCF80094D2DC /* CLIProgressBar.swift */ = {isa = PBXFileReference; lastKnownFileType = sourcecode.swift; path = CLIProgressBar.swift; sourceTree = "<group>"; };
		007A54292885734D00AC4622 /* CLIMain.swift */ = {isa = PBXFileReference; lastKnownFileType = sourcecode.swift; path = CLIMain.swift; sourceTree = "<group>"; };
		007A542E288624F300AC4622 /* SecretsHandler.swift */ = {isa = PBXFileReference; lastKnownFileType = sourcecode.swift; path = SecretsHandler.swift; sourceTree = "<group>"; };
		0092F864288DC29F00CFE571 /* DownloadListParser.swift */ = {isa = PBXFileReference; lastKnownFileType = sourcecode.swift; path = DownloadListParser.swift; sourceTree = "<group>"; };
		0093C5D928C4C81900AF5ABC /* AsyncTestCase.swift */ = {isa = PBXFileReference; lastKnownFileType = sourcecode.swift; path = AsyncTestCase.swift; sourceTree = "<group>"; };
		0093C5DB28C4CCBE00AF5ABC /* AWSSecretsHandlerTest.swift */ = {isa = PBXFileReference; lastKnownFileType = sourcecode.swift; path = AWSSecretsHandlerTest.swift; sourceTree = "<group>"; };
		0093C5E028C5321C00AF5ABC /* AWSSecretsHandlerSoto.swift */ = {isa = PBXFileReference; lastKnownFileType = sourcecode.swift; path = AWSSecretsHandlerSoto.swift; sourceTree = "<group>"; };
		009A9130288C27D0003C0DF4 /* CLIAuthenticate.swift */ = {isa = PBXFileReference; lastKnownFileType = sourcecode.swift; path = CLIAuthenticate.swift; sourceTree = "<group>"; };
		009A9133288C2857003C0DF4 /* CLIList.swift */ = {isa = PBXFileReference; lastKnownFileType = sourcecode.swift; path = CLIList.swift; sourceTree = "<group>"; };
		00CECC9128B1743000120779 /* FileHandler.swift */ = {isa = PBXFileReference; lastKnownFileType = sourcecode.swift; path = FileHandler.swift; sourceTree = "<group>"; };
		00CECC9428B1788C00120779 /* FileHandlerTest.swift */ = {isa = PBXFileReference; lastKnownFileType = sourcecode.swift; path = FileHandlerTest.swift; sourceTree = "<group>"; };
		00CECCA928B34B3300120779 /* CLIDownload.swift */ = {isa = PBXFileReference; lastKnownFileType = sourcecode.swift; path = CLIDownload.swift; sourceTree = "<group>"; };
		00CECCAC28B34B8300120779 /* CLIInstall.swift */ = {isa = PBXFileReference; lastKnownFileType = sourcecode.swift; path = CLIInstall.swift; sourceTree = "<group>"; };
		00CECCB228B34C9000120779 /* InstallCommand.swift */ = {isa = PBXFileReference; lastKnownFileType = sourcecode.swift; path = InstallCommand.swift; sourceTree = "<group>"; };
		00CECCB528B34CD500120779 /* Install.swift */ = {isa = PBXFileReference; lastKnownFileType = sourcecode.swift; path = Install.swift; sourceTree = "<group>"; };
		00CECCB828B34FE800120779 /* CLIAuthTest.swift */ = {isa = PBXFileReference; lastKnownFileType = sourcecode.swift; path = CLIAuthTest.swift; sourceTree = "<group>"; };
		00CECCBA28B3507B00120779 /* CLIDownloadTest.swift */ = {isa = PBXFileReference; lastKnownFileType = sourcecode.swift; path = CLIDownloadTest.swift; sourceTree = "<group>"; };
		00CECCBC28B3770000120779 /* CLIListTest.swift */ = {isa = PBXFileReference; lastKnownFileType = sourcecode.swift; path = CLIListTest.swift; sourceTree = "<group>"; };
		00CECCBE28B3776800120779 /* CLIInstallTest.swift */ = {isa = PBXFileReference; lastKnownFileType = sourcecode.swift; path = CLIInstallTest.swift; sourceTree = "<group>"; };
		00CECCC028B37B6E00120779 /* InstallTest.swift */ = {isa = PBXFileReference; lastKnownFileType = sourcecode.swift; path = InstallTest.swift; sourceTree = "<group>"; };
		00D0649228C279650000197D /* SecretsHandlerTest.swift */ = {isa = PBXFileReference; lastKnownFileType = sourcecode.swift; path = SecretsHandlerTest.swift; sourceTree = "<group>"; };
		00D2440E28C5EAF2002AB0FB /* StoreSecretsCommand.swift */ = {isa = PBXFileReference; lastKnownFileType = sourcecode.swift; path = StoreSecretsCommand.swift; sourceTree = "<group>"; };
		00DC837028ABCF5100B6346D /* XcodeInstallCommand.swift */ = {isa = PBXFileReference; lastKnownFileType = sourcecode.swift; path = XcodeInstallCommand.swift; sourceTree = "<group>"; };
		00DC837328ABD03600B6346D /* AuthenticateCommand.swift */ = {isa = PBXFileReference; lastKnownFileType = sourcecode.swift; path = AuthenticateCommand.swift; sourceTree = "<group>"; };
		00DC837628ABD34800B6346D /* DownloadCommand.swift */ = {isa = PBXFileReference; lastKnownFileType = sourcecode.swift; path = DownloadCommand.swift; sourceTree = "<group>"; };
		00DC837928ABD36100B6346D /* ListCommand.swift */ = {isa = PBXFileReference; lastKnownFileType = sourcecode.swift; path = ListCommand.swift; sourceTree = "<group>"; };
		00DC837C28ABD38900B6346D /* SignOutCommand.swift */ = {isa = PBXFileReference; lastKnownFileType = sourcecode.swift; path = SignOutCommand.swift; sourceTree = "<group>"; };
		00EE5FAB28A8F47000B09D2B /* FileSecretsHandler.swift */ = {isa = PBXFileReference; lastKnownFileType = sourcecode.swift; path = FileSecretsHandler.swift; sourceTree = "<group>"; };
		00EE603228AA3FCD00B09D2B /* MockedCLIClasses.swift */ = {isa = PBXFileReference; lastKnownFileType = sourcecode.swift; path = MockedCLIClasses.swift; sourceTree = "<group>"; };
		00EE603428AA44CA00B09D2B /* CLITest.swift */ = {isa = PBXFileReference; lastKnownFileType = sourcecode.swift; path = CLITest.swift; sourceTree = "<group>"; };
		00F8A31828BA139B004FB43A /* MockedUtilitiesClasses.swift */ = {isa = PBXFileReference; lastKnownFileType = sourcecode.swift; path = MockedUtilitiesClasses.swift; sourceTree = "<group>"; };
		00F8A31A28BACDF7004FB43A /* InstallSupportedFiles.swift */ = {isa = PBXFileReference; lastKnownFileType = sourcecode.swift; path = InstallSupportedFiles.swift; sourceTree = "<group>"; };
		OBJ_6 /* Package.swift */ = {isa = PBXFileReference; explicitFileType = sourcecode.swift; path = Package.swift; sourceTree = "<group>"; };
		"xcodeinstall::xcodeinstall::Product" /* xcodeinstall */ = {isa = PBXFileReference; explicitFileType = "compiled.mach-o.executable"; path = xcodeinstall; sourceTree = BUILT_PRODUCTS_DIR; };
		"xcodeinstall::xcodeinstallTests::Product" /* xcodeinstallTests.xctest */ = {isa = PBXFileReference; explicitFileType = wrapper.cfbundle; path = xcodeinstallTests.xctest; sourceTree = BUILT_PRODUCTS_DIR; };
/* End PBXFileReference section */

/* Begin PBXFrameworksBuildPhase section */
		OBJ_26 /* Frameworks */ = {
			isa = PBXFrameworksBuildPhase;
			buildActionMask = 0;
			files = (
				001E2E7D28C0875C009C1545 /* SotoSecretsManager in Frameworks */,
				00EED59E28F7DE5C00FAFE86 /* CLIlib in Frameworks */,
				007585E928A0E1590094D2DC /* Logging in Frameworks */,
				009A912F288C213F003C0DF4 /* ArgumentParser in Frameworks */,
			);
			runOnlyForDeploymentPostprocessing = 0;
		};
		OBJ_44 /* Frameworks */ = {
			isa = PBXFrameworksBuildPhase;
			buildActionMask = 0;
			files = (
				009A913A288C2C3F003C0DF4 /* ArgumentParser in Frameworks */,
				002E65A628E1A9FB00C13BBB /* CLIlib in Frameworks */,
				007585F128A0E1790094D2DC /* Logging in Frameworks */,
				001E2E8528C15829009C1545 /* SotoSecretsManager in Frameworks */,
			);
			runOnlyForDeploymentPostprocessing = 0;
		};
/* End PBXFrameworksBuildPhase section */

/* Begin PBXGroup section */
		002AB53C293D296A0021BBA5 /* data */ = {
			isa = PBXGroup;
			children = (
				007585D0289C07130094D2DC /* download-list.json */,
				002AB53E293DC6CD0021BBA5 /* download-error.json */,
				002AB540293DC7160021BBA5 /* download-unknown-error.json */,
			);
			path = data;
			sourceTree = "<group>";
		};
		009A9138288C2C3F003C0DF4 /* Frameworks */ = {
			isa = PBXGroup;
			children = (
			);
			name = Frameworks;
			sourceTree = "<group>";
		};
		00CECC9628B24B0A00120779 /* CLI */ = {
			isa = PBXGroup;
			children = (
				00DC837028ABCF5100B6346D /* XcodeInstallCommand.swift */,
				00DC837328ABD03600B6346D /* AuthenticateCommand.swift */,
				00DC837C28ABD38900B6346D /* SignOutCommand.swift */,
				00DC837928ABD36100B6346D /* ListCommand.swift */,
				00DC837628ABD34800B6346D /* DownloadCommand.swift */,
				0092F864288DC29F00CFE571 /* DownloadListParser.swift */,
				00CECCB228B34C9000120779 /* InstallCommand.swift */,
				00D2440E28C5EAF2002AB0FB /* StoreSecretsCommand.swift */,
				007A54292885734D00AC4622 /* CLIMain.swift */,
				009A9130288C27D0003C0DF4 /* CLIAuthenticate.swift */,
				009A9133288C2857003C0DF4 /* CLIList.swift */,
				00CECCA928B34B3300120779 /* CLIDownload.swift */,
				0075860D28A3BCF80094D2DC /* CLIProgressBar.swift */,
				00CECCAC28B34B8300120779 /* CLIInstall.swift */,
				001E2E8128C15293009C1545 /* CLIStoreSecrets.swift */,
			);
			path = CLI;
			sourceTree = "<group>";
		};
		00CECC9728B24B3400120779 /* API */ = {
			isa = PBXGroup;
			children = (
				00152359293CCE7600FAAB2F /* Authentication.swift */,
				0015235A293CCE7600FAAB2F /* DispatchSemaphore.swift */,
				0015235B293CCE7600FAAB2F /* AuthenticationMFA.swift */,
				0015235C293CCE7600FAAB2F /* Download.swift */,
				0015235D293CCE7600FAAB2F /* DownloadDelegate.swift */,
				0015235E293CCE7600FAAB2F /* HTTPClient.swift */,
				0015235F293CCE7600FAAB2F /* List.swift */,
				00152360293CCE7600FAAB2F /* DownloadListData.swift */,
				00152361293CCE7600FAAB2F /* URLLogger.swift */,
				00152362293CCE7600FAAB2F /* URLRequestExtension.swift */,
				00CECCB528B34CD500120779 /* Install.swift */,
				0041064C28BD25A90033A3A2 /* InstallCLTools.swift */,
				0041064928BD25810033A3A2 /* InstallXcode.swift */,
				0041064628BD25410033A3A2 /* InstallPkg.swift */,
				0041065228BD25EC0033A3A2 /* InstallDownloadListExtension.swift */,
				00F8A31A28BACDF7004FB43A /* InstallSupportedFiles.swift */,
			);
			path = API;
			sourceTree = "<group>";
		};
		00CECC9828B24B6200120779 /* Secrets */ = {
			isa = PBXGroup;
			children = (
				007A542E288624F300AC4622 /* SecretsHandler.swift */,
				00EE5FAB28A8F47000B09D2B /* FileSecretsHandler.swift */,
				001E2E7E28C13C13009C1545 /* AWSSecretsHandler.swift */,
				0093C5E028C5321C00AF5ABC /* AWSSecretsHandlerSoto.swift */,
			);
			path = Secrets;
			sourceTree = "<group>";
		};
		00CECC9928B24B7A00120779 /* Utilities */ = {
			isa = PBXGroup;
			children = (
				00CECC9128B1743000120779 /* FileHandler.swift */,
			);
			path = Utilities;
			sourceTree = "<group>";
		};
		00CECC9A28B24B9900120779 /* CLI */ = {
			isa = PBXGroup;
			children = (
				00EE603228AA3FCD00B09D2B /* MockedCLIClasses.swift */,
				00EE603428AA44CA00B09D2B /* CLITest.swift */,
				00CECCB828B34FE800120779 /* CLIAuthTest.swift */,
				00CECCBC28B3770000120779 /* CLIListTest.swift */,
				00CECCBA28B3507B00120779 /* CLIDownloadTest.swift */,
				00CECCBE28B3776800120779 /* CLIInstallTest.swift */,
				0057C21228D3245F004A5BEC /* CLIStoreSecretsTest.swift */,
				007585D6289C17670094D2DC /* DownloadListParserTest.swift */,
			);
			path = CLI;
			sourceTree = "<group>";
		};
		00CECC9B28B24BB600120779 /* API */ = {
			isa = PBXGroup;
			children = (
				00152378293CCF1700FAAB2F /* MFAuthenticationTest.swift */,
				00152379293CCF1700FAAB2F /* HTTPClientTestCase.swift */,
				0015237A293CCF1700FAAB2F /* ListTest.swift */,
				0015237B293CCF1700FAAB2F /* HTTPClientTest.swift */,
				0015237C293CCF1700FAAB2F /* URLRequestCurlTest.swift */,
				0015237D293CCF1700FAAB2F /* MockedNetworkClasses.swift */,
				0015237E293CCF1700FAAB2F /* AuthenticationTest.swift */,
				0015237F293CCF1700FAAB2F /* DownloadTest.swift */,
				00152380293CCF1700FAAB2F /* DownloadDelegateTest.swift */,
				00CECCC028B37B6E00120779 /* InstallTest.swift */,
			);
			path = API;
			sourceTree = "<group>";
		};
		00CECC9C28B24BD000120779 /* Utilities */ = {
			isa = PBXGroup;
			children = (
				0093C5D928C4C81900AF5ABC /* AsyncTestCase.swift */,
				00F8A31828BA139B004FB43A /* MockedUtilitiesClasses.swift */,
				007585DA289C1E1E0094D2DC /* TestHelper.swift */,
				00CECC9428B1788C00120779 /* FileHandlerTest.swift */,
			);
			path = Utilities;
			sourceTree = "<group>";
		};
		00CECC9D28B24BEA00120779 /* Secrets */ = {
			isa = PBXGroup;
			children = (
				007585DE289D6DE00094D2DC /* FileSecretsHandlerTest.swift */,
				0093C5DB28C4CCBE00AF5ABC /* AWSSecretsHandlerTest.swift */,
				00152354293A91E000FAAB2F /* MockedSecretsHandler.swift */,
				00D0649228C279650000197D /* SecretsHandlerTest.swift */,
				0057C21028D319E9004A5BEC /* AppleSessionSecretTest.swift */,
				0057C21628D440CB004A5BEC /* AWSSecretsHandlerSotoTest.swift */,
				0057C21828D440FE004A5BEC /* SotoTestEnvironment.swift */,
			);
			path = Secrets;
			sourceTree = "<group>";
		};
		OBJ_12 /* Tests */ = {
			isa = PBXGroup;
			children = (
				OBJ_13 /* xcodeinstallTests */,
			);
			name = Tests;
			sourceTree = SOURCE_ROOT;
		};
		OBJ_13 /* xcodeinstallTests */ = {
			isa = PBXGroup;
			children = (
				00152352293A90C100FAAB2F /* EnvironmentMock.swift */,
				002AB53C293D296A0021BBA5 /* data */,
				00CECC9B28B24BB600120779 /* API */,
				00CECC9A28B24B9900120779 /* CLI */,
				00CECC9C28B24BD000120779 /* Utilities */,
				00CECC9D28B24BEA00120779 /* Secrets */,
			);
			name = xcodeinstallTests;
			path = Tests/xcodeinstallTests;
			sourceTree = SOURCE_ROOT;
		};
		OBJ_15 /* Products */ = {
			isa = PBXGroup;
			children = (
				"xcodeinstall::xcodeinstall::Product" /* xcodeinstall */,
				"xcodeinstall::xcodeinstallTests::Product" /* xcodeinstallTests.xctest */,
			);
			name = Products;
			sourceTree = BUILT_PRODUCTS_DIR;
		};
		OBJ_5 = {
			isa = PBXGroup;
			children = (
				OBJ_6 /* Package.swift */,
				OBJ_7 /* Sources */,
				OBJ_12 /* Tests */,
				OBJ_15 /* Products */,
				009A9138288C2C3F003C0DF4 /* Frameworks */,
			);
			sourceTree = "<group>";
		};
		OBJ_7 /* Sources */ = {
			isa = PBXGroup;
			children = (
				OBJ_8 /* xcodeinstall */,
			);
			name = Sources;
			sourceTree = SOURCE_ROOT;
		};
		OBJ_8 /* xcodeinstall */ = {
			isa = PBXGroup;
			children = (
				0015234F293A90AC00FAAB2F /* Environment.swift */,
				0053F33528CF8DC4009E466D /* Version.swift */,
				00CECC9728B24B3400120779 /* API */,
				00CECC9628B24B0A00120779 /* CLI */,
				00CECC9928B24B7A00120779 /* Utilities */,
				00CECC9828B24B6200120779 /* Secrets */,
			);
			name = xcodeinstall;
			path = Sources/xcodeinstall;
			sourceTree = SOURCE_ROOT;
		};
/* End PBXGroup section */

/* Begin PBXNativeTarget section */
		"xcodeinstall::xcodeinstall" /* xcodeinstall */ = {
			isa = PBXNativeTarget;
			buildConfigurationList = OBJ_19 /* Build configuration list for PBXNativeTarget "xcodeinstall" */;
			buildPhases = (
				OBJ_22 /* Sources */,
				OBJ_26 /* Frameworks */,
				007585F728A0EB6F0094D2DC /* ShellScript */,
				007585FA28A2D81B0094D2DC /* Embed Frameworks */,
			);
			buildRules = (
			);
			dependencies = (
			);
			name = xcodeinstall;
			packageProductDependencies = (
				009A912E288C213F003C0DF4 /* ArgumentParser */,
				007585E828A0E1590094D2DC /* Logging */,
				001E2E7C28C0875C009C1545 /* SotoSecretsManager */,
				00EED59D28F7DE5C00FAFE86 /* CLIlib */,
			);
			productName = xcodeinstall;
			productReference = "xcodeinstall::xcodeinstall::Product" /* xcodeinstall */;
			productType = "com.apple.product-type.tool";
		};
		"xcodeinstall::xcodeinstallTests" /* xcodeinstallTests */ = {
			isa = PBXNativeTarget;
			buildConfigurationList = OBJ_39 /* Build configuration list for PBXNativeTarget "xcodeinstallTests" */;
			buildPhases = (
				OBJ_42 /* Sources */,
				OBJ_44 /* Frameworks */,
				007585EC28A0E1790094D2DC /* Embed Frameworks */,
				002AB53A293CFB000021BBA5 /* CopyFiles */,
			);
			buildRules = (
			);
			dependencies = (
				OBJ_45 /* PBXTargetDependency */,
			);
			name = xcodeinstallTests;
			packageProductDependencies = (
				009A9139288C2C3F003C0DF4 /* ArgumentParser */,
				007585F028A0E1790094D2DC /* Logging */,
				001E2E8428C15829009C1545 /* SotoSecretsManager */,
				002E65A528E1A9FB00C13BBB /* CLIlib */,
			);
			productName = xcodeinstallTests;
			productReference = "xcodeinstall::xcodeinstallTests::Product" /* xcodeinstallTests.xctest */;
			productType = "com.apple.product-type.bundle.unit-test";
		};
/* End PBXNativeTarget section */

/* Begin PBXProject section */
		OBJ_1 /* Project object */ = {
			isa = PBXProject;
			attributes = {
				LastSwiftMigration = 9999;
				LastUpgradeCheck = 9999;
			};
			buildConfigurationList = OBJ_2 /* Build configuration list for PBXProject "xcodeinstall" */;
			compatibilityVersion = "Xcode 3.2";
			developmentRegion = en;
			hasScannedForEncodings = 0;
			knownRegions = (
				en,
			);
			mainGroup = OBJ_5;
			packageReferences = (
				009A912D288C213F003C0DF4 /* XCRemoteSwiftPackageReference "swift-argument-parser" */,
				007585E728A0E1590094D2DC /* XCRemoteSwiftPackageReference "swift-log" */,
				001E2E7B28C0875C009C1545 /* XCRemoteSwiftPackageReference "soto" */,
				00EED59C28F7DE5C00FAFE86 /* XCRemoteSwiftPackageReference "CLIlib" */,
			);
			productRefGroup = OBJ_15 /* Products */;
			projectDirPath = "";
			projectRoot = "";
			targets = (
				"xcodeinstall::xcodeinstall" /* xcodeinstall */,
				"xcodeinstall::xcodeinstallTests" /* xcodeinstallTests */,
			);
		};
/* End PBXProject section */

/* Begin PBXShellScriptBuildPhase section */
		007585F728A0EB6F0094D2DC /* ShellScript */ = {
			isa = PBXShellScriptBuildPhase;
			alwaysOutOfDate = 1;
			buildActionMask = 2147483647;
			files = (
			);
			inputFileListPaths = (
			);
			inputPaths = (
			);
			outputFileListPaths = (
			);
			outputPaths = (
			);
			runOnlyForDeploymentPostprocessing = 0;
			shellPath = /bin/sh;
			shellScript = "# export PATH=\"$PATH:/opt/homebrew/bin\"\nif which /opt/homebrew/bin/swiftlint > /dev/null; then\n  /opt/homebrew/bin/swiftlint --fix\n  /opt/homebrew/bin/swiftlint\nelse\n  echo \"warning: SwiftLint not installed, download from https://github.com/realm/SwiftLint\"\nfi\n";
		};
/* End PBXShellScriptBuildPhase section */

/* Begin PBXSourcesBuildPhase section */
		OBJ_22 /* Sources */ = {
			isa = PBXSourcesBuildPhase;
			buildActionMask = 0;
			files = (
				00F8A31B28BACDF7004FB43A /* InstallSupportedFiles.swift in Sources */,
				00DC837728ABD34800B6346D /* DownloadCommand.swift in Sources */,
				009A9134288C2857003C0DF4 /* CLIList.swift in Sources */,
				00152375293CCE7600FAAB2F /* URLRequestExtension.swift in Sources */,
				0075860E28A3BCF80094D2DC /* CLIProgressBar.swift in Sources */,
				00152365293CCE7600FAAB2F /* DispatchSemaphore.swift in Sources */,
				00CECCB328B34C9000120779 /* InstallCommand.swift in Sources */,
				00CECCAD28B34B8300120779 /* CLIInstall.swift in Sources */,
				0053F33628CF8DC4009E466D /* Version.swift in Sources */,
				00CECCB628B34CD500120779 /* Install.swift in Sources */,
				0093C5E128C5321C00AF5ABC /* AWSSecretsHandlerSoto.swift in Sources */,
				007A542A2885734D00AC4622 /* CLIMain.swift in Sources */,
				0041064D28BD25A90033A3A2 /* InstallCLTools.swift in Sources */,
				00D2440F28C5EAF2002AB0FB /* StoreSecretsCommand.swift in Sources */,
				0041064A28BD25810033A3A2 /* InstallXcode.swift in Sources */,
				00DC837128ABCF5100B6346D /* XcodeInstallCommand.swift in Sources */,
				0015236F293CCE7600FAAB2F /* List.swift in Sources */,
				0041064728BD25410033A3A2 /* InstallPkg.swift in Sources */,
				00EE5FAC28A8F47000B09D2B /* FileSecretsHandler.swift in Sources */,
				00152363293CCE7600FAAB2F /* Authentication.swift in Sources */,
				001E2E8228C15293009C1545 /* CLIStoreSecrets.swift in Sources */,
				00152373293CCE7600FAAB2F /* URLLogger.swift in Sources */,
				0015236B293CCE7600FAAB2F /* DownloadDelegate.swift in Sources */,
				00152369293CCE7600FAAB2F /* Download.swift in Sources */,
				00CECC9228B1743000120779 /* FileHandler.swift in Sources */,
				00DC837D28ABD38900B6346D /* SignOutCommand.swift in Sources */,
				001E2E7F28C13C13009C1545 /* AWSSecretsHandler.swift in Sources */,
				0041065328BD25EC0033A3A2 /* InstallDownloadListExtension.swift in Sources */,
				0092F865288DC29F00CFE571 /* DownloadListParser.swift in Sources */,
				00152371293CCE7600FAAB2F /* DownloadListData.swift in Sources */,
				00DC837A28ABD36100B6346D /* ListCommand.swift in Sources */,
				00152350293A90AC00FAAB2F /* Environment.swift in Sources */,
				007A542F288624F300AC4622 /* SecretsHandler.swift in Sources */,
				00DC837428ABD03600B6346D /* AuthenticateCommand.swift in Sources */,
				0015236D293CCE7600FAAB2F /* HTTPClient.swift in Sources */,
				009A9131288C27D0003C0DF4 /* CLIAuthenticate.swift in Sources */,
				00152367293CCE7600FAAB2F /* AuthenticationMFA.swift in Sources */,
				00CECCAA28B34B3300120779 /* CLIDownload.swift in Sources */,
			);
			runOnlyForDeploymentPostprocessing = 0;
		};
		OBJ_42 /* Sources */ = {
			isa = PBXSourcesBuildPhase;
			buildActionMask = 0;
			files = (
				00152381293CCF1700FAAB2F /* MFAuthenticationTest.swift in Sources */,
				00EE5FA928A7EB8100B09D2B /* CLIProgressBar.swift in Sources */,
				0093C5DC28C4CCBE00AF5ABC /* AWSSecretsHandlerTest.swift in Sources */,
				00CECCBB28B3507B00120779 /* CLIDownloadTest.swift in Sources */,
				00152387293CCF1700FAAB2F /* AuthenticationTest.swift in Sources */,
				00152384293CCF1700FAAB2F /* HTTPClientTest.swift in Sources */,
				00D2441028C5EAF2002AB0FB /* StoreSecretsCommand.swift in Sources */,
				00EE5FAD28A8F47000B09D2B /* FileSecretsHandler.swift in Sources */,
				0093C5DA28C4C81900AF5ABC /* AsyncTestCase.swift in Sources */,
				00DC837528ABD03600B6346D /* AuthenticateCommand.swift in Sources */,
				00CECCBD28B3770000120779 /* CLIListTest.swift in Sources */,
				009A9137288C2C14003C0DF4 /* CLIMain.swift in Sources */,
				009A9135288C2857003C0DF4 /* CLIList.swift in Sources */,
				00DC837B28ABD36100B6346D /* ListCommand.swift in Sources */,
				007585D7289C17670094D2DC /* DownloadListParserTest.swift in Sources */,
				00152370293CCE7600FAAB2F /* List.swift in Sources */,
				00CECC9328B1743000120779 /* FileHandler.swift in Sources */,
				00D0649328C279650000197D /* SecretsHandlerTest.swift in Sources */,
				00DC837828ABD34800B6346D /* DownloadCommand.swift in Sources */,
				0093C5E228C5321C00AF5ABC /* AWSSecretsHandlerSoto.swift in Sources */,
				007585DF289D6DE00094D2DC /* FileSecretsHandlerTest.swift in Sources */,
				00CECCB428B34C9000120779 /* InstallCommand.swift in Sources */,
				0015236E293CCE7600FAAB2F /* HTTPClient.swift in Sources */,
				007A5437288A4A9C00AC4622 /* SecretsHandler.swift in Sources */,
				00152386293CCF1700FAAB2F /* MockedNetworkClasses.swift in Sources */,
				0041064B28BD25810033A3A2 /* InstallXcode.swift in Sources */,
				00CECCB928B34FE800120779 /* CLIAuthTest.swift in Sources */,
				00152385293CCF1700FAAB2F /* URLRequestCurlTest.swift in Sources */,
				007585DB289C1E1E0094D2DC /* TestHelper.swift in Sources */,
				0057C21928D440FE004A5BEC /* SotoTestEnvironment.swift in Sources */,
				00CECCB728B34CD500120779 /* Install.swift in Sources */,
				0041064828BD25410033A3A2 /* InstallPkg.swift in Sources */,
				00152388293CCF1700FAAB2F /* DownloadTest.swift in Sources */,
				0057C21728D440CB004A5BEC /* AWSSecretsHandlerSotoTest.swift in Sources */,
				00152383293CCF1700FAAB2F /* ListTest.swift in Sources */,
				00CECC9528B1788C00120779 /* FileHandlerTest.swift in Sources */,
				00152374293CCE7600FAAB2F /* URLLogger.swift in Sources */,
				00152389293CCF1700FAAB2F /* DownloadDelegateTest.swift in Sources */,
				00152355293A91E000FAAB2F /* MockedSecretsHandler.swift in Sources */,
				0057C21328D3245F004A5BEC /* CLIStoreSecretsTest.swift in Sources */,
				00152382293CCF1700FAAB2F /* HTTPClientTestCase.swift in Sources */,
				00152366293CCE7600FAAB2F /* DispatchSemaphore.swift in Sources */,
				00EE603328AA3FCD00B09D2B /* MockedCLIClasses.swift in Sources */,
				00DC837E28ABD38900B6346D /* SignOutCommand.swift in Sources */,
				0053F33728CF8DC4009E466D /* Version.swift in Sources */,
				0041064E28BD25A90033A3A2 /* InstallCLTools.swift in Sources */,
				00152372293CCE7600FAAB2F /* DownloadListData.swift in Sources */,
				0057C21128D319E9004A5BEC /* AppleSessionSecretTest.swift in Sources */,
				0092F866288DC29F00CFE571 /* DownloadListParser.swift in Sources */,
				001E2E8328C15293009C1545 /* CLIStoreSecrets.swift in Sources */,
				00CECCAB28B34B3300120779 /* CLIDownload.swift in Sources */,
				00152353293A90C100FAAB2F /* EnvironmentMock.swift in Sources */,
				009A9132288C27D0003C0DF4 /* CLIAuthenticate.swift in Sources */,
				00152351293A90AC00FAAB2F /* Environment.swift in Sources */,
				00F8A31928BA139B004FB43A /* MockedUtilitiesClasses.swift in Sources */,
				00CECCBF28B3776800120779 /* CLIInstallTest.swift in Sources */,
				001E2E8028C13C13009C1545 /* AWSSecretsHandler.swift in Sources */,
				0041065428BD25EC0033A3A2 /* InstallDownloadListExtension.swift in Sources */,
				00CECCC128B37B6E00120779 /* InstallTest.swift in Sources */,
				00EE603528AA44CA00B09D2B /* CLITest.swift in Sources */,
				0015236C293CCE7600FAAB2F /* DownloadDelegate.swift in Sources */,
				0015236A293CCE7600FAAB2F /* Download.swift in Sources */,
				00152364293CCE7600FAAB2F /* Authentication.swift in Sources */,
				00CECCAE28B34B8300120779 /* CLIInstall.swift in Sources */,
				00F8A31C28BACDF7004FB43A /* InstallSupportedFiles.swift in Sources */,
				00152376293CCE7600FAAB2F /* URLRequestExtension.swift in Sources */,
				00152368293CCE7600FAAB2F /* AuthenticationMFA.swift in Sources */,
				00DC837228ABCF5100B6346D /* XcodeInstallCommand.swift in Sources */,
			);
			runOnlyForDeploymentPostprocessing = 0;
		};
/* End PBXSourcesBuildPhase section */

/* Begin PBXTargetDependency section */
		OBJ_45 /* PBXTargetDependency */ = {
			isa = PBXTargetDependency;
			target = "xcodeinstall::xcodeinstall" /* xcodeinstall */;
			targetProxy = 007A54282885730100AC4622 /* PBXContainerItemProxy */;
		};
/* End PBXTargetDependency section */

/* Begin XCBuildConfiguration section */
		OBJ_20 /* Debug */ = {
			isa = XCBuildConfiguration;
			buildSettings = {
				CURRENT_PROJECT_VERSION = 1;
				DRIVERKIT_DEPLOYMENT_TARGET = 19.0;
				ENABLE_TESTABILITY = YES;
				FRAMEWORK_SEARCH_PATHS = (
					"$(inherited)",
					"$(PLATFORM_DIR)/Developer/Library/Frameworks",
				);
				HEADER_SEARCH_PATHS = "$(inherited)";
				INFOPLIST_FILE = xcodeinstall.xcodeproj/xcodeinstall_Info.plist;
				IPHONEOS_DEPLOYMENT_TARGET = 9.0;
				LD_RUNPATH_SEARCH_PATHS = (
					"$(inherited)",
					"$(TOOLCHAIN_DIR)/usr/lib/swift/macosx",
					"@executable_path",
				);
				MACOSX_DEPLOYMENT_TARGET = 12.0;
				OTHER_CFLAGS = "$(inherited)";
				OTHER_LDFLAGS = "$(inherited)";
				OTHER_SWIFT_FLAGS = "$(inherited)";
				SWIFT_ACTIVE_COMPILATION_CONDITIONS = "$(inherited)";
				SWIFT_FORCE_DYNAMIC_LINK_STDLIB = YES;
				SWIFT_FORCE_STATIC_LINK_STDLIB = NO;
				SWIFT_VERSION = 5.0;
				TARGET_NAME = xcodeinstall;
				TVOS_DEPLOYMENT_TARGET = 9.0;
				WATCHOS_DEPLOYMENT_TARGET = 2.0;
			};
			name = Debug;
		};
		OBJ_21 /* Release */ = {
			isa = XCBuildConfiguration;
			buildSettings = {
				CURRENT_PROJECT_VERSION = 1;
				DRIVERKIT_DEPLOYMENT_TARGET = 19.0;
				ENABLE_TESTABILITY = NO;
				FRAMEWORK_SEARCH_PATHS = (
					"$(inherited)",
					"$(PLATFORM_DIR)/Developer/Library/Frameworks",
				);
				HEADER_SEARCH_PATHS = "$(inherited)";
				INFOPLIST_FILE = xcodeinstall.xcodeproj/xcodeinstall_Info.plist;
				IPHONEOS_DEPLOYMENT_TARGET = 9.0;
				LD_RUNPATH_SEARCH_PATHS = (
					"$(inherited)",
					"$(TOOLCHAIN_DIR)/usr/lib/swift/macosx",
					"@executable_path",
				);
				MACOSX_DEPLOYMENT_TARGET = 12.0;
				OTHER_CFLAGS = "$(inherited)";
				OTHER_LDFLAGS = "$(inherited)";
				OTHER_SWIFT_FLAGS = "$(inherited)";
				SWIFT_ACTIVE_COMPILATION_CONDITIONS = "$(inherited)";
				SWIFT_FORCE_DYNAMIC_LINK_STDLIB = YES;
				SWIFT_FORCE_STATIC_LINK_STDLIB = NO;
				SWIFT_VERSION = 5.0;
				TARGET_NAME = xcodeinstall;
				TVOS_DEPLOYMENT_TARGET = 9.0;
				WATCHOS_DEPLOYMENT_TARGET = 2.0;
			};
			name = Release;
		};
		OBJ_3 /* Debug */ = {
			isa = XCBuildConfiguration;
			buildSettings = {
				CLANG_ENABLE_OBJC_ARC = YES;
				COMBINE_HIDPI_IMAGES = YES;
				COPY_PHASE_STRIP = NO;
				DEBUG_INFORMATION_FORMAT = dwarf;
				DYLIB_INSTALL_NAME_BASE = "@rpath";
				ENABLE_NS_ASSERTIONS = YES;
				GCC_OPTIMIZATION_LEVEL = 0;
				GCC_PREPROCESSOR_DEFINITIONS = (
					"$(inherited)",
					"SWIFT_PACKAGE=1",
					"DEBUG=1",
				);
				MACOSX_DEPLOYMENT_TARGET = 12.0;
				ONLY_ACTIVE_ARCH = YES;
				OTHER_SWIFT_FLAGS = "$(inherited) -DXcode";
				PRODUCT_NAME = "$(TARGET_NAME)";
				SDKROOT = macosx;
				SUPPORTED_PLATFORMS = "$(AVAILABLE_PLATFORMS)";
				SUPPORTS_MACCATALYST = YES;
				SWIFT_ACTIVE_COMPILATION_CONDITIONS = "$(inherited) SWIFT_PACKAGE DEBUG";
				SWIFT_OPTIMIZATION_LEVEL = "-Onone";
				USE_HEADERMAP = NO;
			};
			name = Debug;
		};
		OBJ_4 /* Release */ = {
			isa = XCBuildConfiguration;
			buildSettings = {
				CLANG_ENABLE_OBJC_ARC = YES;
				COMBINE_HIDPI_IMAGES = YES;
				COPY_PHASE_STRIP = YES;
				DEBUG_INFORMATION_FORMAT = "dwarf-with-dsym";
				DYLIB_INSTALL_NAME_BASE = "@rpath";
				GCC_OPTIMIZATION_LEVEL = s;
				GCC_PREPROCESSOR_DEFINITIONS = (
					"$(inherited)",
					"SWIFT_PACKAGE=1",
				);
				MACOSX_DEPLOYMENT_TARGET = 12.0;
				OTHER_SWIFT_FLAGS = "$(inherited) -DXcode";
				PRODUCT_NAME = "$(TARGET_NAME)";
				SDKROOT = macosx;
				SUPPORTED_PLATFORMS = "$(AVAILABLE_PLATFORMS)";
				SUPPORTS_MACCATALYST = YES;
				SWIFT_ACTIVE_COMPILATION_CONDITIONS = "$(inherited) SWIFT_PACKAGE";
				SWIFT_COMPILATION_MODE = wholemodule;
				SWIFT_OPTIMIZATION_LEVEL = "-O";
				USE_HEADERMAP = NO;
			};
			name = Release;
		};
		OBJ_40 /* Debug */ = {
			isa = XCBuildConfiguration;
			buildSettings = {
				CLANG_ENABLE_MODULES = YES;
				CODE_SIGN_IDENTITY = "-";
				CODE_SIGN_STYLE = Manual;
				CURRENT_PROJECT_VERSION = 1;
				DEVELOPMENT_TEAM = "";
				DRIVERKIT_DEPLOYMENT_TARGET = 19.0;
				EMBEDDED_CONTENT_CONTAINS_SWIFT = YES;
				ENABLE_TESTABILITY = YES;
				FRAMEWORK_SEARCH_PATHS = (
					"$(inherited)",
					"$(PLATFORM_DIR)/Developer/Library/Frameworks",
				);
				HEADER_SEARCH_PATHS = "$(inherited)";
				INFOPLIST_FILE = xcodeinstall.xcodeproj/xcodeinstallTests_Info.plist;
				IPHONEOS_DEPLOYMENT_TARGET = 14.0;
				LD_RUNPATH_SEARCH_PATHS = (
					"$(inherited)",
					"@loader_path/../Frameworks",
					"@loader_path/Frameworks",
				);
				MACOSX_DEPLOYMENT_TARGET = 12.0;
				OTHER_CFLAGS = "$(inherited)";
				OTHER_LDFLAGS = "$(inherited)";
				OTHER_SWIFT_FLAGS = "$(inherited)";
				PRODUCT_BUNDLE_IDENTIFIER = "";
				PROVISIONING_PROFILE_SPECIFIER = "";
				"PROVISIONING_PROFILE_SPECIFIER[sdk=macosx*]" = "";
				SWIFT_ACTIVE_COMPILATION_CONDITIONS = "$(inherited)";
				SWIFT_VERSION = 5.0;
				TARGET_NAME = xcodeinstallTests;
				TVOS_DEPLOYMENT_TARGET = 14.0;
				WATCHOS_DEPLOYMENT_TARGET = 7.0;
			};
			name = Debug;
		};
		OBJ_41 /* Release */ = {
			isa = XCBuildConfiguration;
			buildSettings = {
				CLANG_ENABLE_MODULES = YES;
				CODE_SIGN_IDENTITY = "-";
				CODE_SIGN_STYLE = Manual;
				CURRENT_PROJECT_VERSION = 1;
				DEVELOPMENT_TEAM = "";
				DRIVERKIT_DEPLOYMENT_TARGET = 19.0;
				EMBEDDED_CONTENT_CONTAINS_SWIFT = YES;
				ENABLE_TESTABILITY = YES;
				FRAMEWORK_SEARCH_PATHS = (
					"$(inherited)",
					"$(PLATFORM_DIR)/Developer/Library/Frameworks",
				);
				HEADER_SEARCH_PATHS = "$(inherited)";
				INFOPLIST_FILE = xcodeinstall.xcodeproj/xcodeinstallTests_Info.plist;
				IPHONEOS_DEPLOYMENT_TARGET = 14.0;
				LD_RUNPATH_SEARCH_PATHS = (
					"$(inherited)",
					"@loader_path/../Frameworks",
					"@loader_path/Frameworks",
				);
				MACOSX_DEPLOYMENT_TARGET = 12.0;
				OTHER_CFLAGS = "$(inherited)";
				OTHER_LDFLAGS = "$(inherited)";
				OTHER_SWIFT_FLAGS = "$(inherited)";
				PRODUCT_BUNDLE_IDENTIFIER = "";
				PROVISIONING_PROFILE_SPECIFIER = "";
				"PROVISIONING_PROFILE_SPECIFIER[sdk=macosx*]" = "";
				SWIFT_ACTIVE_COMPILATION_CONDITIONS = "$(inherited)";
				SWIFT_VERSION = 5.0;
				TARGET_NAME = xcodeinstallTests;
				TVOS_DEPLOYMENT_TARGET = 14.0;
				WATCHOS_DEPLOYMENT_TARGET = 7.0;
			};
			name = Release;
		};
/* End XCBuildConfiguration section */

/* Begin XCConfigurationList section */
		OBJ_19 /* Build configuration list for PBXNativeTarget "xcodeinstall" */ = {
			isa = XCConfigurationList;
			buildConfigurations = (
				OBJ_20 /* Debug */,
				OBJ_21 /* Release */,
			);
			defaultConfigurationIsVisible = 0;
			defaultConfigurationName = Release;
		};
		OBJ_2 /* Build configuration list for PBXProject "xcodeinstall" */ = {
			isa = XCConfigurationList;
			buildConfigurations = (
				OBJ_3 /* Debug */,
				OBJ_4 /* Release */,
			);
			defaultConfigurationIsVisible = 0;
			defaultConfigurationName = Release;
		};
		OBJ_39 /* Build configuration list for PBXNativeTarget "xcodeinstallTests" */ = {
			isa = XCConfigurationList;
			buildConfigurations = (
				OBJ_40 /* Debug */,
				OBJ_41 /* Release */,
			);
			defaultConfigurationIsVisible = 0;
			defaultConfigurationName = Release;
		};
/* End XCConfigurationList section */

/* Begin XCRemoteSwiftPackageReference section */
		001E2E7B28C0875C009C1545 /* XCRemoteSwiftPackageReference "soto" */ = {
			isa = XCRemoteSwiftPackageReference;
			repositoryURL = "https://github.com/soto-project/soto.git";
			requirement = {
				kind = upToNextMajorVersion;
				minimumVersion = 6.3.0;
			};
		};
		007585E728A0E1590094D2DC /* XCRemoteSwiftPackageReference "swift-log" */ = {
			isa = XCRemoteSwiftPackageReference;
			repositoryURL = "https://github.com/apple/swift-log.git";
			requirement = {
				kind = upToNextMajorVersion;
				minimumVersion = 1.0.0;
			};
		};
		009A912D288C213F003C0DF4 /* XCRemoteSwiftPackageReference "swift-argument-parser" */ = {
			isa = XCRemoteSwiftPackageReference;
			repositoryURL = "https://github.com/apple/swift-argument-parser.git";
			requirement = {
				kind = upToNextMajorVersion;
				minimumVersion = 1.0.0;
			};
		};
		00EED59C28F7DE5C00FAFE86 /* XCRemoteSwiftPackageReference "CLIlib" */ = {
			isa = XCRemoteSwiftPackageReference;
			repositoryURL = "https://github.com/sebsto/CLIlib/";
			requirement = {
				branch = main;
				kind = branch;
			};
		};
/* End XCRemoteSwiftPackageReference section */

/* Begin XCSwiftPackageProductDependency section */
		001E2E7C28C0875C009C1545 /* SotoSecretsManager */ = {
			isa = XCSwiftPackageProductDependency;
			package = 001E2E7B28C0875C009C1545 /* XCRemoteSwiftPackageReference "soto" */;
			productName = SotoSecretsManager;
		};
		001E2E8428C15829009C1545 /* SotoSecretsManager */ = {
			isa = XCSwiftPackageProductDependency;
			package = 001E2E7B28C0875C009C1545 /* XCRemoteSwiftPackageReference "soto" */;
			productName = SotoSecretsManager;
		};
		002E65A528E1A9FB00C13BBB /* CLIlib */ = {
			isa = XCSwiftPackageProductDependency;
			productName = CLIlib;
		};
		007585E828A0E1590094D2DC /* Logging */ = {
			isa = XCSwiftPackageProductDependency;
			package = 007585E728A0E1590094D2DC /* XCRemoteSwiftPackageReference "swift-log" */;
			productName = Logging;
		};
		007585F028A0E1790094D2DC /* Logging */ = {
			isa = XCSwiftPackageProductDependency;
			package = 007585E728A0E1590094D2DC /* XCRemoteSwiftPackageReference "swift-log" */;
			productName = Logging;
		};
		009A912E288C213F003C0DF4 /* ArgumentParser */ = {
			isa = XCSwiftPackageProductDependency;
			package = 009A912D288C213F003C0DF4 /* XCRemoteSwiftPackageReference "swift-argument-parser" */;
			productName = ArgumentParser;
		};
		009A9139288C2C3F003C0DF4 /* ArgumentParser */ = {
			isa = XCSwiftPackageProductDependency;
			package = 009A912D288C213F003C0DF4 /* XCRemoteSwiftPackageReference "swift-argument-parser" */;
			productName = ArgumentParser;
		};
		00EED59D28F7DE5C00FAFE86 /* CLIlib */ = {
			isa = XCSwiftPackageProductDependency;
			package = 00EED59C28F7DE5C00FAFE86 /* XCRemoteSwiftPackageReference "CLIlib" */;
			productName = CLIlib;
		};
/* End XCSwiftPackageProductDependency section */
	};
	rootObject = OBJ_1 /* Project object */;
}
